
Microsoft Visual Studio Solution File, Format Version 12.00
# Visual Studio 15
VisualStudioVersion = 15.0.28010.2026
MinimumVisualStudioVersion = 10.0.40219.1
Project("{FAE04EC0-301F-11D3-BF4B-00C04F79EFBC}") = "PSF-WavSplitter", "PSF-WavSplitter\PSF-WavSplitter.csproj", "{8905AB7B-8B96-417D-9BDB-CA799AB64521}"
EndProject
Global
	GlobalSection(SolutionConfigurationPlatforms) = preSolution
		Debug|Any CPU = Debug|Any CPU
		Release|Any CPU = Release|Any CPU
	EndGlobalSection
	GlobalSection(ProjectConfigurationPlatforms) = postSolution
		{8905AB7B-8B96-417D-9BDB-CA799AB64521}.Debug|Any CPU.ActiveCfg = Debug|Any CPU
		{8905AB7B-8B96-417D-9BDB-CA799AB64521}.Debug|Any CPU.Build.0 = Debug|Any CPU
		{8905AB7B-8B96-417D-9BDB-CA799AB64521}.Release|Any CPU.ActiveCfg = Release|Any CPU
		{8905AB7B-8B96-417D-9BDB-CA799AB64521}.Release|Any CPU.Build.0 = Release|Any CPU
	EndGlobalSection
	GlobalSection(SolutionProperties) = preSolution
		HideSolutionNode = FALSE
	EndGlobalSection
	GlobalSection(ExtensibilityGlobals) = postSolution
		SolutionGuid = {328245E8-F802-4C6B-BEE3-2E4A1CFC6678}
	EndGlobalSection
EndGlobal
